
Microsoft Visual Studio Solution File, Format Version 12.00
# Visual Studio Version 16
VisualStudioVersion = 16.0.30011.22
MinimumVisualStudioVersion = 10.0.40219.1
Project("{FAE04EC0-301F-11D3-BF4B-00C04F79EFBC}") = "ClientInfoUpdater", "ClientInfoUpdater\ClientInfoUpdater.csproj", "{7CF173C8-1958-40DD-9BB6-50C49597A64B}"
EndProject
Global
	GlobalSection(SolutionConfigurationPlatforms) = preSolution
		Debug|Any CPU = Debug|Any CPU
		Release|Any CPU = Release|Any CPU
	EndGlobalSection
	GlobalSection(ProjectConfigurationPlatforms) = postSolution
		{7CF173C8-1958-40DD-9BB6-50C49597A64B}.Debug|Any CPU.ActiveCfg = Debug|Any CPU
		{7CF173C8-1958-40DD-9BB6-50C49597A64B}.Debug|Any CPU.Build.0 = Debug|Any CPU
		{7CF173C8-1958-40DD-9BB6-50C49597A64B}.Release|Any CPU.ActiveCfg = Release|Any CPU
		{7CF173C8-1958-40DD-9BB6-50C49597A64B}.Release|Any CPU.Build.0 = Release|Any CPU
	EndGlobalSection
	GlobalSection(SolutionProperties) = preSolution
		HideSolutionNode = FALSE
	EndGlobalSection
	GlobalSection(ExtensibilityGlobals) = postSolution
		SolutionGuid = {A67C4CEB-E474-4CE6-9DAD-CE6450C0DF93}
	EndGlobalSection
EndGlobal
